
Microsoft Visual Studio Solution File, Format Version 12.00
Project("{FAE04EC0-301F-11D3-BF4B-00C04F79EFBC}") = "MovieApp", "MovieApp\MovieApp.csproj", "{FBF1F7F8-8066-4DEC-8803-565B31027AEA}"
EndProject
Global
	GlobalSection(SolutionConfigurationPlatforms) = preSolution
		Debug|Any CPU = Debug|Any CPU
		Release|Any CPU = Release|Any CPU
	EndGlobalSection
	GlobalSection(ProjectConfigurationPlatforms) = postSolution
		{FBF1F7F8-8066-4DEC-8803-565B31027AEA}.Debug|Any CPU.ActiveCfg = Debug|Any CPU
		{FBF1F7F8-8066-4DEC-8803-565B31027AEA}.Debug|Any CPU.Build.0 = Debug|Any CPU
		{FBF1F7F8-8066-4DEC-8803-565B31027AEA}.Release|Any CPU.ActiveCfg = Release|Any CPU
		{FBF1F7F8-8066-4DEC-8803-565B31027AEA}.Release|Any CPU.Build.0 = Release|Any CPU
	EndGlobalSection
EndGlobal
